
Microsoft Visual Studio Solution File, Format Version 12.00
# Visual Studio Version 17
VisualStudioVersion = 17.14.36518.9
MinimumVisualStudioVersion = 10.0.40219.1
Project("{FAE04EC0-301F-11D3-BF4B-00C04F79EFBC}") = "News-Manager", "News-Manager\News-Manager.csproj", "{A5ABBD68-C145-4FD8-91B4-E2DA12B2E031}"
EndProject
Project("{FAE04EC0-301F-11D3-BF4B-00C04F79EFBC}") = "News-Manager.Tests", "News-Manager.Tests\News-Manager.Tests.csproj", "{7B57E757-D08B-414E-AB5E-5841311D297B}"
EndProject
Global
	GlobalSection(SolutionConfigurationPlatforms) = preSolution
		Debug|Any CPU = Debug|Any CPU
		Debug|x64 = Debug|x64
		Debug|x86 = Debug|x86
		Release|Any CPU = Release|Any CPU
		Release|x64 = Release|x64
		Release|x86 = Release|x86
	EndGlobalSection
	GlobalSection(ProjectConfigurationPlatforms) = postSolution
		{A5ABBD68-C145-4FD8-91B4-E2DA12B2E031}.Debug|Any CPU.ActiveCfg = Debug|Any CPU
		{A5ABBD68-C145-4FD8-91B4-E2DA12B2E031}.Debug|Any CPU.Build.0 = Debug|Any CPU
		{A5ABBD68-C145-4FD8-91B4-E2DA12B2E031}.Debug|x64.ActiveCfg = Debug|Any CPU
		{A5ABBD68-C145-4FD8-91B4-E2DA12B2E031}.Debug|x64.Build.0 = Debug|Any CPU
		{A5ABBD68-C145-4FD8-91B4-E2DA12B2E031}.Debug|x86.ActiveCfg = Debug|Any CPU
		{A5ABBD68-C145-4FD8-91B4-E2DA12B2E031}.Debug|x86.Build.0 = Debug|Any CPU
		{A5ABBD68-C145-4FD8-91B4-E2DA12B2E031}.Release|Any CPU.ActiveCfg = Release|Any CPU
		{A5ABBD68-C145-4FD8-91B4-E2DA12B2E031}.Release|Any CPU.Build.0 = Release|Any CPU
		{A5ABBD68-C145-4FD8-91B4-E2DA12B2E031}.Release|x64.ActiveCfg = Release|Any CPU
		{A5ABBD68-C145-4FD8-91B4-E2DA12B2E031}.Release|x64.Build.0 = Release|Any CPU
		{A5ABBD68-C145-4FD8-91B4-E2DA12B2E031}.Release|x86.ActiveCfg = Release|Any CPU
		{A5ABBD68-C145-4FD8-91B4-E2DA12B2E031}.Release|x86.Build.0 = Release|Any CPU
		{7B57E757-D08B-414E-AB5E-5841311D297B}.Debug|Any CPU.ActiveCfg = Debug|Any CPU
		{7B57E757-D08B-414E-AB5E-5841311D297B}.Debug|Any CPU.Build.0 = Debug|Any CPU
		{7B57E757-D08B-414E-AB5E-5841311D297B}.Debug|x64.ActiveCfg = Debug|Any CPU
		{7B57E757-D08B-414E-AB5E-5841311D297B}.Debug|x64.Build.0 = Debug|Any CPU
		{7B57E757-D08B-414E-AB5E-5841311D297B}.Debug|x86.ActiveCfg = Debug|Any CPU
		{7B57E757-D08B-414E-AB5E-5841311D297B}.Debug|x86.Build.0 = Debug|Any CPU
		{7B57E757-D08B-414E-AB5E-5841311D297B}.Release|Any CPU.ActiveCfg = Release|Any CPU
		{7B57E757-D08B-414E-AB5E-5841311D297B}.Release|Any CPU.Build.0 = Release|Any CPU
		{7B57E757-D08B-414E-AB5E-5841311D297B}.Release|x64.ActiveCfg = Release|Any CPU
		{7B57E757-D08B-414E-AB5E-5841311D297B}.Release|x64.Build.0 = Release|Any CPU
		{7B57E757-D08B-414E-AB5E-5841311D297B}.Release|x86.ActiveCfg = Release|Any CPU
		{7B57E757-D08B-414E-AB5E-5841311D297B}.Release|x86.Build.0 = Release|Any CPU
	EndGlobalSection
	GlobalSection(SolutionProperties) = preSolution
		HideSolutionNode = FALSE
	EndGlobalSection
	GlobalSection(ExtensibilityGlobals) = postSolution
		SolutionGuid = {D824747C-240D-4FAD-B2E9-B459028AC633}
	EndGlobalSection
EndGlobal
